
Microsoft Visual Studio Solution File, Format Version 12.00
# Visual Studio Version 17
VisualStudioVersion = 17.3.32811.315
MinimumVisualStudioVersion = 10.0.40219.1
Project("{FAE04EC0-301F-11D3-BF4B-00C04F79EFBC}") = "Övning 6.3", "Övning 6.3\Övning 6.3.csproj", "{B8E16D9D-381A-4BA7-8578-F6220D14AB99}"
EndProject
Global
	GlobalSection(SolutionConfigurationPlatforms) = preSolution
		Debug|Any CPU = Debug|Any CPU
		Release|Any CPU = Release|Any CPU
	EndGlobalSection
	GlobalSection(ProjectConfigurationPlatforms) = postSolution
		{B8E16D9D-381A-4BA7-8578-F6220D14AB99}.Debug|Any CPU.ActiveCfg = Debug|Any CPU
		{B8E16D9D-381A-4BA7-8578-F6220D14AB99}.Debug|Any CPU.Build.0 = Debug|Any CPU
		{B8E16D9D-381A-4BA7-8578-F6220D14AB99}.Release|Any CPU.ActiveCfg = Release|Any CPU
		{B8E16D9D-381A-4BA7-8578-F6220D14AB99}.Release|Any CPU.Build.0 = Release|Any CPU
	EndGlobalSection
	GlobalSection(SolutionProperties) = preSolution
		HideSolutionNode = FALSE
	EndGlobalSection
	GlobalSection(ExtensibilityGlobals) = postSolution
		SolutionGuid = {74F9231E-FDAF-4C41-8A9E-541AA85E4B72}
	EndGlobalSection
EndGlobal
